
Microsoft Visual Studio Solution File, Format Version 12.00
# Visual Studio 15
VisualStudioVersion = 15.0.26730.3
MinimumVisualStudioVersion = 10.0.40219.1
Project("{2150E333-8FDC-42A3-9474-1A3956D46DE8}") = "GRPC", "GRPC", "{F8A33A01-FDA1-424D-87E1-55E90B1AAD8B}"
EndProject
Project("{FAE04EC0-301F-11D3-BF4B-00C04F79EFBC}") = "Implement", "GRPC\Implement\Implement.csproj", "{F08A989C-B3E0-4D9A-89EC-3E9EFE24A0A1}"
EndProject
Project("{2150E333-8FDC-42A3-9474-1A3956D46DE8}") = "Model", "Model", "{A2540699-E680-4075-B6F7-59A26278381F}"
EndProject
Project("{FAE04EC0-301F-11D3-BF4B-00C04F79EFBC}") = "Models", "Model\Models\Models.csproj", "{3DE3190F-38CE-46E3-8F87-F2EA98A6F622}"
EndProject
Project("{2150E333-8FDC-42A3-9474-1A3956D46DE8}") = "BLL", "BLL", "{737350D0-2AD7-4BEE-8BB3-AD1F76C31B27}"
EndProject
Project("{FAE04EC0-301F-11D3-BF4B-00C04F79EFBC}") = "Service", "BLL\Service\Service.csproj", "{5E9DD035-C286-49D8-BD39-228D3091D5CE}"
EndProject
Project("{FAE04EC0-301F-11D3-BF4B-00C04F79EFBC}") = "Interface", "GRPC\Interface\Interface.csproj", "{52A4F758-46A5-4B95-AAFD-CABBF9BC8B1B}"
EndProject
Project("{2150E333-8FDC-42A3-9474-1A3956D46DE8}") = "Caching", "Caching", "{1409775B-87DA-46BA-BF37-6D69C69FB14D}"
EndProject
Project("{2150E333-8FDC-42A3-9474-1A3956D46DE8}") = "DAL", "DAL", "{FCCD6507-97A9-456B-9A69-3062143C0119}"
EndProject
Project("{FAE04EC0-301F-11D3-BF4B-00C04F79EFBC}") = "Core", "Caching\Core\Core.csproj", "{3ECF8612-243F-45D9-94B9-50C4B5EBD3BB}"
EndProject
Project("{FAE04EC0-301F-11D3-BF4B-00C04F79EFBC}") = "Items", "Caching\Items\Items.csproj", "{626F69E4-E1EE-44D0-9597-A7E11125A594}"
EndProject
Project("{FAE04EC0-301F-11D3-BF4B-00C04F79EFBC}") = "Repository", "DAL\Repository\Repository.csproj", "{8FB859E7-A88C-4137-9594-26D1C3C267A7}"
EndProject
Project("{FAE04EC0-301F-11D3-BF4B-00C04F79EFBC}") = "MicroServer", "MicroServer\MicroServer.csproj", "{7D55D80D-E1E0-44EF-AD31-4E4B54D07982}"
EndProject
Project("{FAE04EC0-301F-11D3-BF4B-00C04F79EFBC}") = "MicroClient", "MicroClient\MicroClient.csproj", "{BACEEC71-56C3-4B98-9EB9-74452A1B3771}"
EndProject
Global
	GlobalSection(SolutionConfigurationPlatforms) = preSolution
		Debug|Any CPU = Debug|Any CPU
		Release|Any CPU = Release|Any CPU
	EndGlobalSection
	GlobalSection(ProjectConfigurationPlatforms) = postSolution
		{F08A989C-B3E0-4D9A-89EC-3E9EFE24A0A1}.Debug|Any CPU.ActiveCfg = Debug|Any CPU
		{F08A989C-B3E0-4D9A-89EC-3E9EFE24A0A1}.Debug|Any CPU.Build.0 = Debug|Any CPU
		{F08A989C-B3E0-4D9A-89EC-3E9EFE24A0A1}.Release|Any CPU.ActiveCfg = Release|Any CPU
		{F08A989C-B3E0-4D9A-89EC-3E9EFE24A0A1}.Release|Any CPU.Build.0 = Release|Any CPU
		{3DE3190F-38CE-46E3-8F87-F2EA98A6F622}.Debug|Any CPU.ActiveCfg = Debug|Any CPU
		{3DE3190F-38CE-46E3-8F87-F2EA98A6F622}.Debug|Any CPU.Build.0 = Debug|Any CPU
		{3DE3190F-38CE-46E3-8F87-F2EA98A6F622}.Release|Any CPU.ActiveCfg = Release|Any CPU
		{3DE3190F-38CE-46E3-8F87-F2EA98A6F622}.Release|Any CPU.Build.0 = Release|Any CPU
		{5E9DD035-C286-49D8-BD39-228D3091D5CE}.Debug|Any CPU.ActiveCfg = Debug|Any CPU
		{5E9DD035-C286-49D8-BD39-228D3091D5CE}.Debug|Any CPU.Build.0 = Debug|Any CPU
		{5E9DD035-C286-49D8-BD39-228D3091D5CE}.Release|Any CPU.ActiveCfg = Release|Any CPU
		{5E9DD035-C286-49D8-BD39-228D3091D5CE}.Release|Any CPU.Build.0 = Release|Any CPU
		{52A4F758-46A5-4B95-AAFD-CABBF9BC8B1B}.Debug|Any CPU.ActiveCfg = Debug|Any CPU
		{52A4F758-46A5-4B95-AAFD-CABBF9BC8B1B}.Debug|Any CPU.Build.0 = Debug|Any CPU
		{52A4F758-46A5-4B95-AAFD-CABBF9BC8B1B}.Release|Any CPU.ActiveCfg = Release|Any CPU
		{52A4F758-46A5-4B95-AAFD-CABBF9BC8B1B}.Release|Any CPU.Build.0 = Release|Any CPU
		{3ECF8612-243F-45D9-94B9-50C4B5EBD3BB}.Debug|Any CPU.ActiveCfg = Debug|Any CPU
		{3ECF8612-243F-45D9-94B9-50C4B5EBD3BB}.Debug|Any CPU.Build.0 = Debug|Any CPU
		{3ECF8612-243F-45D9-94B9-50C4B5EBD3BB}.Release|Any CPU.ActiveCfg = Release|Any CPU
		{3ECF8612-243F-45D9-94B9-50C4B5EBD3BB}.Release|Any CPU.Build.0 = Release|Any CPU
		{626F69E4-E1EE-44D0-9597-A7E11125A594}.Debug|Any CPU.ActiveCfg = Debug|Any CPU
		{626F69E4-E1EE-44D0-9597-A7E11125A594}.Debug|Any CPU.Build.0 = Debug|Any CPU
		{626F69E4-E1EE-44D0-9597-A7E11125A594}.Release|Any CPU.ActiveCfg = Release|Any CPU
		{626F69E4-E1EE-44D0-9597-A7E11125A594}.Release|Any CPU.Build.0 = Release|Any CPU
		{8FB859E7-A88C-4137-9594-26D1C3C267A7}.Debug|Any CPU.ActiveCfg = Debug|Any CPU
		{8FB859E7-A88C-4137-9594-26D1C3C267A7}.Debug|Any CPU.Build.0 = Debug|Any CPU
		{8FB859E7-A88C-4137-9594-26D1C3C267A7}.Release|Any CPU.ActiveCfg = Release|Any CPU
		{8FB859E7-A88C-4137-9594-26D1C3C267A7}.Release|Any CPU.Build.0 = Release|Any CPU
		{7D55D80D-E1E0-44EF-AD31-4E4B54D07982}.Debug|Any CPU.ActiveCfg = Debug|Any CPU
		{7D55D80D-E1E0-44EF-AD31-4E4B54D07982}.Debug|Any CPU.Build.0 = Debug|Any CPU
		{7D55D80D-E1E0-44EF-AD31-4E4B54D07982}.Release|Any CPU.ActiveCfg = Release|Any CPU
		{7D55D80D-E1E0-44EF-AD31-4E4B54D07982}.Release|Any CPU.Build.0 = Release|Any CPU
		{BACEEC71-56C3-4B98-9EB9-74452A1B3771}.Debug|Any CPU.ActiveCfg = Debug|Any CPU
		{BACEEC71-56C3-4B98-9EB9-74452A1B3771}.Debug|Any CPU.Build.0 = Debug|Any CPU
		{BACEEC71-56C3-4B98-9EB9-74452A1B3771}.Release|Any CPU.ActiveCfg = Release|Any CPU
		{BACEEC71-56C3-4B98-9EB9-74452A1B3771}.Release|Any CPU.Build.0 = Release|Any CPU
	EndGlobalSection
	GlobalSection(SolutionProperties) = preSolution
		HideSolutionNode = FALSE
	EndGlobalSection
	GlobalSection(NestedProjects) = preSolution
		{F08A989C-B3E0-4D9A-89EC-3E9EFE24A0A1} = {F8A33A01-FDA1-424D-87E1-55E90B1AAD8B}
		{3DE3190F-38CE-46E3-8F87-F2EA98A6F622} = {A2540699-E680-4075-B6F7-59A26278381F}
		{5E9DD035-C286-49D8-BD39-228D3091D5CE} = {737350D0-2AD7-4BEE-8BB3-AD1F76C31B27}
		{52A4F758-46A5-4B95-AAFD-CABBF9BC8B1B} = {F8A33A01-FDA1-424D-87E1-55E90B1AAD8B}
		{3ECF8612-243F-45D9-94B9-50C4B5EBD3BB} = {1409775B-87DA-46BA-BF37-6D69C69FB14D}
		{626F69E4-E1EE-44D0-9597-A7E11125A594} = {1409775B-87DA-46BA-BF37-6D69C69FB14D}
		{8FB859E7-A88C-4137-9594-26D1C3C267A7} = {FCCD6507-97A9-456B-9A69-3062143C0119}
	EndGlobalSection
	GlobalSection(ExtensibilityGlobals) = postSolution
		SolutionGuid = {32AAE008-C9F8-4749-9AA4-3A343C74DFEF}
	EndGlobalSection
EndGlobal
